
Microsoft Visual Studio Solution File, Format Version 12.00
# Visual Studio Version 17
VisualStudioVersion = 17.4.33110.190
MinimumVisualStudioVersion = 10.0.40219.1
Project("{FAE04EC0-301F-11D3-BF4B-00C04F79EFBC}") = "ASPCRUDV3", "ASPCRUDV3\ASPCRUDV3.csproj", "{6C90207F-659C-4F4B-968F-21A980EBBD56}"
EndProject
Global
	GlobalSection(SolutionConfigurationPlatforms) = preSolution
		Debug|Any CPU = Debug|Any CPU
		Release|Any CPU = Release|Any CPU
	EndGlobalSection
	GlobalSection(ProjectConfigurationPlatforms) = postSolution
		{6C90207F-659C-4F4B-968F-21A980EBBD56}.Debug|Any CPU.ActiveCfg = Debug|Any CPU
		{6C90207F-659C-4F4B-968F-21A980EBBD56}.Debug|Any CPU.Build.0 = Debug|Any CPU
		{6C90207F-659C-4F4B-968F-21A980EBBD56}.Release|Any CPU.ActiveCfg = Release|Any CPU
		{6C90207F-659C-4F4B-968F-21A980EBBD56}.Release|Any CPU.Build.0 = Release|Any CPU
	EndGlobalSection
	GlobalSection(SolutionProperties) = preSolution
		HideSolutionNode = FALSE
	EndGlobalSection
	GlobalSection(ExtensibilityGlobals) = postSolution
		SolutionGuid = {C7DB5857-7C32-4722-9230-CEEED12C1B15}
	EndGlobalSection
EndGlobal
